
Microsoft Visual Studio Solution File, Format Version 12.00
# Visual Studio Version 16
VisualStudioVersion = 16.0.32413.511
MinimumVisualStudioVersion = 10.0.40219.1
Project("{FAE04EC0-301F-11D3-BF4B-00C04F79EFBC}") = "GeometryFigures4", "GeometryFigures4\GeometryFigures4.csproj", "{74120427-C5F4-41EE-88A3-6792AB819AF1}"
EndProject
Global
	GlobalSection(SolutionConfigurationPlatforms) = preSolution
		Debug|Any CPU = Debug|Any CPU
		Release|Any CPU = Release|Any CPU
	EndGlobalSection
	GlobalSection(ProjectConfigurationPlatforms) = postSolution
		{74120427-C5F4-41EE-88A3-6792AB819AF1}.Debug|Any CPU.ActiveCfg = Debug|Any CPU
		{74120427-C5F4-41EE-88A3-6792AB819AF1}.Debug|Any CPU.Build.0 = Debug|Any CPU
		{74120427-C5F4-41EE-88A3-6792AB819AF1}.Release|Any CPU.ActiveCfg = Release|Any CPU
		{74120427-C5F4-41EE-88A3-6792AB819AF1}.Release|Any CPU.Build.0 = Release|Any CPU
	EndGlobalSection
	GlobalSection(SolutionProperties) = preSolution
		HideSolutionNode = FALSE
	EndGlobalSection
	GlobalSection(ExtensibilityGlobals) = postSolution
		SolutionGuid = {CA04C31F-F11A-41EF-B92E-7AE9C459ED63}
	EndGlobalSection
EndGlobal
